
Microsoft Visual Studio Solution File, Format Version 12.00
# Visual Studio Version 17
VisualStudioVersion = 17.0.31903.59
MinimumVisualStudioVersion = 10.0.40219.1
Project("{FAE04EC0-301F-11D3-BF4B-00C04F79EFBC}") = "Zii.Tas.Devil", "Zii.Tas.Devil\Zii.Tas.Devil.csproj", "{1BB1EADE-D086-4FC4-A971-0B3D1248F482}"
EndProject
Global
	GlobalSection(SolutionConfigurationPlatforms) = preSolution
		Debug|Any CPU = Debug|Any CPU
		Release|Any CPU = Release|Any CPU
	EndGlobalSection
	GlobalSection(ProjectConfigurationPlatforms) = postSolution
		{1BB1EADE-D086-4FC4-A971-0B3D1248F482}.Debug|Any CPU.ActiveCfg = Debug|Any CPU
		{1BB1EADE-D086-4FC4-A971-0B3D1248F482}.Debug|Any CPU.Build.0 = Debug|Any CPU
		{1BB1EADE-D086-4FC4-A971-0B3D1248F482}.Release|Any CPU.ActiveCfg = Release|Any CPU
		{1BB1EADE-D086-4FC4-A971-0B3D1248F482}.Release|Any CPU.Build.0 = Release|Any CPU
	EndGlobalSection
	GlobalSection(SolutionProperties) = preSolution
		HideSolutionNode = FALSE
	EndGlobalSection
	GlobalSection(ExtensibilityGlobals) = postSolution
		SolutionGuid = {2C728B8A-90DA-4DA7-91E3-8CE3937D4220}
	EndGlobalSection
EndGlobal
